
Microsoft Visual Studio Solution File, Format Version 12.00
# Visual Studio 15
VisualStudioVersion = 15.0.28307.421
MinimumVisualStudioVersion = 10.0.40219.1
Project("{FAE04EC0-301F-11D3-BF4B-00C04F79EFBC}") = "TP-Heritage(exo2)", "TP-Heritage(exo2)\TP-Heritage(exo2).csproj", "{30CAB853-FA9C-46BC-AB53-9561BB270620}"
EndProject
Global
	GlobalSection(SolutionConfigurationPlatforms) = preSolution
		Debug|Any CPU = Debug|Any CPU
		Release|Any CPU = Release|Any CPU
	EndGlobalSection
	GlobalSection(ProjectConfigurationPlatforms) = postSolution
		{30CAB853-FA9C-46BC-AB53-9561BB270620}.Debug|Any CPU.ActiveCfg = Debug|Any CPU
		{30CAB853-FA9C-46BC-AB53-9561BB270620}.Debug|Any CPU.Build.0 = Debug|Any CPU
		{30CAB853-FA9C-46BC-AB53-9561BB270620}.Release|Any CPU.ActiveCfg = Release|Any CPU
		{30CAB853-FA9C-46BC-AB53-9561BB270620}.Release|Any CPU.Build.0 = Release|Any CPU
	EndGlobalSection
	GlobalSection(SolutionProperties) = preSolution
		HideSolutionNode = FALSE
	EndGlobalSection
	GlobalSection(ExtensibilityGlobals) = postSolution
		SolutionGuid = {2DAF083D-404F-43BC-A38D-70EA8DD968A6}
	EndGlobalSection
EndGlobal
